
Microsoft Visual Studio Solution File, Format Version 12.00
# Visual Studio Version 17
VisualStudioVersion = 17.14.36119.2
MinimumVisualStudioVersion = 10.0.40219.1
Project("{FAE04EC0-301F-11D3-BF4B-00C04F79EFBC}") = "agenta", "agenta\agenta.csproj", "{4C1C553B-C4A6-4B81-AE93-2B5A12747CD8}"
EndProject
Project("{FAE04EC0-301F-11D3-BF4B-00C04F79EFBC}") = "agentb", "agentb\agentb.csproj", "{35AF7F68-EA16-45D4-82D2-63A4F93BD85D}"
EndProject
Project("{FAE04EC0-301F-11D3-BF4B-00C04F79EFBC}") = "master", "master\master.csproj", "{A35019FD-3DD0-4745-BB1F-4709BB1D7DD2}"
EndProject
Global
	GlobalSection(SolutionConfigurationPlatforms) = preSolution
		Debug|Any CPU = Debug|Any CPU
		Release|Any CPU = Release|Any CPU
	EndGlobalSection
	GlobalSection(ProjectConfigurationPlatforms) = postSolution
		{4C1C553B-C4A6-4B81-AE93-2B5A12747CD8}.Debug|Any CPU.ActiveCfg = Debug|Any CPU
		{4C1C553B-C4A6-4B81-AE93-2B5A12747CD8}.Debug|Any CPU.Build.0 = Debug|Any CPU
		{4C1C553B-C4A6-4B81-AE93-2B5A12747CD8}.Release|Any CPU.ActiveCfg = Release|Any CPU
		{4C1C553B-C4A6-4B81-AE93-2B5A12747CD8}.Release|Any CPU.Build.0 = Release|Any CPU
		{35AF7F68-EA16-45D4-82D2-63A4F93BD85D}.Debug|Any CPU.ActiveCfg = Debug|Any CPU
		{35AF7F68-EA16-45D4-82D2-63A4F93BD85D}.Debug|Any CPU.Build.0 = Debug|Any CPU
		{35AF7F68-EA16-45D4-82D2-63A4F93BD85D}.Release|Any CPU.ActiveCfg = Release|Any CPU
		{35AF7F68-EA16-45D4-82D2-63A4F93BD85D}.Release|Any CPU.Build.0 = Release|Any CPU
		{A35019FD-3DD0-4745-BB1F-4709BB1D7DD2}.Debug|Any CPU.ActiveCfg = Debug|Any CPU
		{A35019FD-3DD0-4745-BB1F-4709BB1D7DD2}.Debug|Any CPU.Build.0 = Debug|Any CPU
		{A35019FD-3DD0-4745-BB1F-4709BB1D7DD2}.Release|Any CPU.ActiveCfg = Release|Any CPU
		{A35019FD-3DD0-4745-BB1F-4709BB1D7DD2}.Release|Any CPU.Build.0 = Release|Any CPU
	EndGlobalSection
	GlobalSection(SolutionProperties) = preSolution
		HideSolutionNode = FALSE
	EndGlobalSection
	GlobalSection(ExtensibilityGlobals) = postSolution
		SolutionGuid = {8DDFFE7C-762F-4C19-80BD-FA60CB7DBE61}
	EndGlobalSection
EndGlobal
